
Microsoft Visual Studio Solution File, Format Version 12.00
# Visual Studio Version 17
VisualStudioVersion = 17.10.35013.160
MinimumVisualStudioVersion = 10.0.40219.1
Project("{8BC9CEB8-8B4A-11D0-8D11-00A0C91BC942}") = "Project4", "Project4\Project4.vcxproj", "{3922DC3D-E1F7-4F6C-9D93-C5DD7C517D61}"
EndProject
Global
	GlobalSection(SolutionConfigurationPlatforms) = preSolution
		Debug|x64 = Debug|x64
		Debug|x86 = Debug|x86
		Release|x64 = Release|x64
		Release|x86 = Release|x86
	EndGlobalSection
	GlobalSection(ProjectConfigurationPlatforms) = postSolution
		{3922DC3D-E1F7-4F6C-9D93-C5DD7C517D61}.Debug|x64.ActiveCfg = Debug|x64
		{3922DC3D-E1F7-4F6C-9D93-C5DD7C517D61}.Debug|x64.Build.0 = Debug|x64
		{3922DC3D-E1F7-4F6C-9D93-C5DD7C517D61}.Debug|x86.ActiveCfg = Debug|Win32
		{3922DC3D-E1F7-4F6C-9D93-C5DD7C517D61}.Debug|x86.Build.0 = Debug|Win32
		{3922DC3D-E1F7-4F6C-9D93-C5DD7C517D61}.Release|x64.ActiveCfg = Release|x64
		{3922DC3D-E1F7-4F6C-9D93-C5DD7C517D61}.Release|x64.Build.0 = Release|x64
		{3922DC3D-E1F7-4F6C-9D93-C5DD7C517D61}.Release|x86.ActiveCfg = Release|Win32
		{3922DC3D-E1F7-4F6C-9D93-C5DD7C517D61}.Release|x86.Build.0 = Release|Win32
	EndGlobalSection
	GlobalSection(SolutionProperties) = preSolution
		HideSolutionNode = FALSE
	EndGlobalSection
	GlobalSection(ExtensibilityGlobals) = postSolution
		SolutionGuid = {D361200F-F35F-4221-BA26-AF679588B0B8}
	EndGlobalSection
EndGlobal
